// !$*UTF8*$!
{
	archiveVersion = 1;
	classes = {
	};
	objectVersion = 55;
	objects = {

/* Begin PBXBuildFile section */
		CC14FCD5287C0A0800316516 /* marubatuView.swift in Sources */ = {isa = PBXBuildFile; fileRef = CC14FCD4287C0A0800316516 /* marubatuView.swift */; };
		CC14FCD7287C0A5F00316516 /* ViewModel.swift in Sources */ = {isa = PBXBuildFile; fileRef = CC14FCD6287C0A5F00316516 /* ViewModel.swift */; };
		CC14FCD9287C5D4400316516 /* nankaView.swift in Sources */ = {isa = PBXBuildFile; fileRef = CC14FCD8287C5D4400316516 /* nankaView.swift */; };
		CCA17DF0287AFEAD00356641 /* combineApp28App.swift in Sources */ = {isa = PBXBuildFile; fileRef = CCA17DEF287AFEAD00356641 /* combineApp28App.swift */; };
		CCA17DF2287AFEAD00356641 /* ContentView.swift in Sources */ = {isa = PBXBuildFile; fileRef = CCA17DF1287AFEAD00356641 /* ContentView.swift */; };
		CCA17DF4287AFEAE00356641 /* Assets.xcassets in Resources */ = {isa = PBXBuildFile; fileRef = CCA17DF3287AFEAE00356641 /* Assets.xcassets */; };
		CCA17DF7287AFEAE00356641 /* Preview Assets.xcassets in Resources */ = {isa = PBXBuildFile; fileRef = CCA17DF6287AFEAE00356641 /* Preview Assets.xcassets */; };
/* End PBXBuildFile section */

/* Begin PBXFileReference section */
		CC14FCD4287C0A0800316516 /* marubatuView.swift */ = {isa = PBXFileReference; lastKnownFileType = sourcecode.swift; path = marubatuView.swift; sourceTree = "<group>"; };
		CC14FCD6287C0A5F00316516 /* ViewModel.swift */ = {isa = PBXFileReference; lastKnownFileType = sourcecode.swift; path = ViewModel.swift; sourceTree = "<group>"; };
		CC14FCD8287C5D4400316516 /* nankaView.swift */ = {isa = PBXFileReference; lastKnownFileType = sourcecode.swift; path = nankaView.swift; sourceTree = "<group>"; };
		CCA17DEC287AFEAD00356641 /* combineApp28.app */ = {isa = PBXFileReference; explicitFileType = wrapper.application; includeInIndex = 0; path = combineApp28.app; sourceTree = BUILT_PRODUCTS_DIR; };
		CCA17DEF287AFEAD00356641 /* combineApp28App.swift */ = {isa = PBXFileReference; lastKnownFileType = sourcecode.swift; path = combineApp28App.swift; sourceTree = "<group>"; };
		CCA17DF1287AFEAD00356641 /* ContentView.swift */ = {isa = PBXFileReference; lastKnownFileType = sourcecode.swift; path = ContentView.swift; sourceTree = "<group>"; };
		CCA17DF3287AFEAE00356641 /* Assets.xcassets */ = {isa = PBXFileReference; lastKnownFileType = folder.assetcatalog; path = Assets.xcassets; sourceTree = "<group>"; };
		CCA17DF6287AFEAE00356641 /* Preview Assets.xcassets */ = {isa = PBXFileReference; lastKnownFileType = folder.assetcatalog; path = "Preview Assets.xcassets"; sourceTree = "<group>"; };
/* End PBXFileReference section */

/* Begin PBXFrameworksBuildPhase section */
		CCA17DE9287AFEAD00356641 /* Frameworks */ = {
			isa = PBXFrameworksBuildPhase;
			buildActionMask = 2147483647;
			files = (
			);
			runOnlyForDeploymentPostprocessing = 0;
		};
/* End PBXFrameworksBuildPhase section */

/* Begin PBXGroup section */
		CCA17DE3287AFEAD00356641 = {
			isa = PBXGroup;
			children = (
				CCA17DEE287AFEAD00356641 /* combineApp28 */,
				CCA17DED287AFEAD00356641 /* Products */,
			);
			sourceTree = "<group>";
		};
		CCA17DED287AFEAD00356641 /* Products */ = {
			isa = PBXGroup;
			children = (
				CCA17DEC287AFEAD00356641 /* combineApp28.app */,
			);
			name = Products;
			sourceTree = "<group>";
		};
		CCA17DEE287AFEAD00356641 /* combineApp28 */ = {
			isa = PBXGroup;
			children = (
				CCA17DEF287AFEAD00356641 /* combineApp28App.swift */,
				CCA17DF1287AFEAD00356641 /* ContentView.swift */,
				CC14FCD4287C0A0800316516 /* marubatuView.swift */,
				CC14FCD8287C5D4400316516 /* nankaView.swift */,
				CC14FCD6287C0A5F00316516 /* ViewModel.swift */,
				CCA17DF3287AFEAE00356641 /* Assets.xcassets */,
				CCA17DF5287AFEAE00356641 /* Preview Content */,
			);
			path = combineApp28;
			sourceTree = "<group>";
		};
		CCA17DF5287AFEAE00356641 /* Preview Content */ = {
			isa = PBXGroup;
			children = (
				CCA17DF6287AFEAE00356641 /* Preview Assets.xcassets */,
			);
			path = "Preview Content";
			sourceTree = "<group>";
		};
/* End PBXGroup section */

/* Begin PBXNativeTarget section */
		CCA17DEB287AFEAD00356641 /* combineApp28 */ = {
			isa = PBXNativeTarget;
			buildConfigurationList = CCA17DFA287AFEAE00356641 /* Build configuration list for PBXNativeTarget "combineApp28" */;
			buildPhases = (
				CCA17DE8287AFEAD00356641 /* Sources */,
				CCA17DE9287AFEAD00356641 /* Frameworks */,
				CCA17DEA287AFEAD00356641 /* Resources */,
			);
			buildRules = (
			);
			dependencies = (
			);
			name = combineApp28;
			productName = combineApp28;
			productReference = CCA17DEC287AFEAD00356641 /* combineApp28.app */;
			productType = "com.apple.product-type.application";
		};
/* End PBXNativeTarget section */

/* Begin PBXProject section */
		CCA17DE4287AFEAD00356641 /* Project object */ = {
			isa = PBXProject;
			attributes = {
				BuildIndependentTargetsInParallel = 1;
				LastSwiftUpdateCheck = 1340;
				LastUpgradeCheck = 1340;
				TargetAttributes = {
					CCA17DEB287AFEAD00356641 = {
						CreatedOnToolsVersion = 13.4.1;
					};
				};
			};
			buildConfigurationList = CCA17DE7287AFEAD00356641 /* Build configuration list for PBXProject "combineApp28" */;
			compatibilityVersion = "Xcode 13.0";
			developmentRegion = en;
			hasScannedForEncodings = 0;
			knownRegions = (
				en,
				Base,
			);
			mainGroup = CCA17DE3287AFEAD00356641;
			productRefGroup = CCA17DED287AFEAD00356641 /* Products */;
			projectDirPath = "";
			projectRoot = "";
			targets = (
				CCA17DEB287AFEAD00356641 /* combineApp28 */,
			);
		};
/* End PBXProject section */

/* Begin PBXResourcesBuildPhase section */
		CCA17DEA287AFEAD00356641 /* Resources */ = {
			isa = PBXResourcesBuildPhase;
			buildActionMask = 2147483647;
			files = (
				CCA17DF7287AFEAE00356641 /* Preview Assets.xcassets in Resources */,
				CCA17DF4287AFEAE00356641 /* Assets.xcassets in Resources */,
			);
			runOnlyForDeploymentPostprocessing = 0;
		};
/* End PBXResourcesBuildPhase section */

/* Begin PBXSourcesBuildPhase section */
		CCA17DE8287AFEAD00356641 /* Sources */ = {
			isa = PBXSourcesBuildPhase;
			buildActionMask = 2147483647;
			files = (
				CCA17DF2287AFEAD00356641 /* ContentView.swift in Sources */,
				CC14FCD9287C5D4400316516 /* nankaView.swift in Sources */,
				CCA17DF0287AFEAD00356641 /* combineApp28App.swift in Sources */,
				CC14FCD7287C0A5F00316516 /* ViewModel.swift in Sources */,
				CC14FCD5287C0A0800316516 /* marubatuView.swift in Sources */,
			);
			runOnlyForDeploymentPostprocessing = 0;
		};
/* End PBXSourcesBuildPhase section */

/* Begin XCBuildConfiguration section */
		CCA17DF8287AFEAE00356641 /* Debug */ = {
			isa = XCBuildConfiguration;
			buildSettings = {
				ALWAYS_SEARCH_USER_PATHS = NO;
				CLANG_ANALYZER_NONNULL = YES;
				CLANG_ANALYZER_NUMBER_OBJECT_CONVERSION = YES_AGGRESSIVE;
				CLANG_CXX_LANGUAGE_STANDARD = "gnu++17";
				CLANG_ENABLE_MODULES = YES;
				CLANG_ENABLE_OBJC_ARC = YES;
				CLANG_ENABLE_OBJC_WEAK = YES;
				CLANG_WARN_BLOCK_CAPTURE_AUTORELEASING = YES;
				CLANG_WARN_BOOL_CONVERSION = YES;
				CLANG_WARN_COMMA = YES;
				CLANG_WARN_CONSTANT_CONVERSION = YES;
				CLANG_WARN_DEPRECATED_OBJC_IMPLEMENTATIONS = YES;
				CLANG_WARN_DIRECT_OBJC_ISA_USAGE = YES_ERROR;
				CLANG_WARN_DOCUMENTATION_COMMENTS = YES;
				CLANG_WARN_EMPTY_BODY = YES;
				CLANG_WARN_ENUM_CONVERSION = YES;
				CLANG_WARN_INFINITE_RECURSION = YES;
				CLANG_WARN_INT_CONVERSION = YES;
				CLANG_WARN_NON_LITERAL_NULL_CONVERSION = YES;
				CLANG_WARN_OBJC_IMPLICIT_RETAIN_SELF = YES;
				CLANG_WARN_OBJC_LITERAL_CONVERSION = YES;
				CLANG_WARN_OBJC_ROOT_CLASS = YES_ERROR;
				CLANG_WARN_QUOTED_INCLUDE_IN_FRAMEWORK_HEADER = YES;
				CLANG_WARN_RANGE_LOOP_ANALYSIS = YES;
				CLANG_WARN_STRICT_PROTOTYPES = YES;
				CLANG_WARN_SUSPICIOUS_MOVE = YES;
				CLANG_WARN_UNGUARDED_AVAILABILITY = YES_AGGRESSIVE;
				CLANG_WARN_UNREACHABLE_CODE = YES;
				CLANG_WARN__DUPLICATE_METHOD_MATCH = YES;
				COPY_PHASE_STRIP = NO;
				DEBUG_INFORMATION_FORMAT = dwarf;
				ENABLE_STRICT_OBJC_MSGSEND = YES;
				ENABLE_TESTABILITY = YES;
				GCC_C_LANGUAGE_STANDARD = gnu11;
				GCC_DYNAMIC_NO_PIC = NO;
				GCC_NO_COMMON_BLOCKS = YES;
				GCC_OPTIMIZATION_LEVEL = 0;
				GCC_PREPROCESSOR_DEFINITIONS = (
					"DEBUG=1",
					"$(inherited)",
				);
				GCC_WARN_64_TO_32_BIT_CONVERSION = YES;
				GCC_WARN_ABOUT_RETURN_TYPE = YES_ERROR;
				GCC_WARN_UNDECLARED_SELECTOR = YES;
				GCC_WARN_UNINITIALIZED_AUTOS = YES_AGGRESSIVE;
				GCC_WARN_UNUSED_FUNCTION = YES;
				GCC_WARN_UNUSED_VARIABLE = YES;
				IPHONEOS_DEPLOYMENT_TARGET = 15.5;
				MTL_ENABLE_DEBUG_INFO = INCLUDE_SOURCE;
				MTL_FAST_MATH = YES;
				ONLY_ACTIVE_ARCH = YES;
				SDKROOT = iphoneos;
				SWIFT_ACTIVE_COMPILATION_CONDITIONS = DEBUG;
				SWIFT_OPTIMIZATION_LEVEL = "-Onone";
			};
			name = Debug;
		};
		CCA17DF9287AFEAE00356641 /* Release */ = {
			isa = XCBuildConfiguration;
			buildSettings = {
				ALWAYS_SEARCH_USER_PATHS = NO;
				CLANG_ANALYZER_NONNULL = YES;
				CLANG_ANALYZER_NUMBER_OBJECT_CONVERSION = YES_AGGRESSIVE;
				CLANG_CXX_LANGUAGE_STANDARD = "gnu++17";
				CLANG_ENABLE_MODULES = YES;
				CLANG_ENABLE_OBJC_ARC = YES;
				CLANG_ENABLE_OBJC_WEAK = YES;
				CLANG_WARN_BLOCK_CAPTURE_AUTORELEASING = YES;
				CLANG_WARN_BOOL_CONVERSION = YES;
				CLANG_WARN_COMMA = YES;
				CLANG_WARN_CONSTANT_CONVERSION = YES;
				CLANG_WARN_DEPRECATED_OBJC_IMPLEMENTATIONS = YES;
				CLANG_WARN_DIRECT_OBJC_ISA_USAGE = YES_ERROR;
				CLANG_WARN_DOCUMENTATION_COMMENTS = YES;
				CLANG_WARN_EMPTY_BODY = YES;
				CLANG_WARN_ENUM_CONVERSION = YES;
				CLANG_WARN_INFINITE_RECURSION = YES;
				CLANG_WARN_INT_CONVERSION = YES;
				CLANG_WARN_NON_LITERAL_NULL_CONVERSION = YES;
				CLANG_WARN_OBJC_IMPLICIT_RETAIN_SELF = YES;
				CLANG_WARN_OBJC_LITERAL_CONVERSION = YES;
				CLANG_WARN_OBJC_ROOT_CLASS = YES_ERROR;
				CLANG_WARN_QUOTED_INCLUDE_IN_FRAMEWORK_HEADER = YES;
				CLANG_WARN_RANGE_LOOP_ANALYSIS = YES;
				CLANG_WARN_STRICT_PROTOTYPES = YES;
				CLANG_WARN_SUSPICIOUS_MOVE = YES;
				CLANG_WARN_UNGUARDED_AVAILABILITY = YES_AGGRESSIVE;
				CLANG_WARN_UNREACHABLE_CODE = YES;
				CLANG_WARN__DUPLICATE_METHOD_MATCH = YES;
				COPY_PHASE_STRIP = NO;
				DEBUG_INFORMATION_FORMAT = "dwarf-with-dsym";
				ENABLE_NS_ASSERTIONS = NO;
				ENABLE_STRICT_OBJC_MSGSEND = YES;
				GCC_C_LANGUAGE_STANDARD = gnu11;
				GCC_NO_COMMON_BLOCKS = YES;
				GCC_WARN_64_TO_32_BIT_CONVERSION = YES;
				GCC_WARN_ABOUT_RETURN_TYPE = YES_ERROR;
				GCC_WARN_UNDECLARED_SELECTOR = YES;
				GCC_WARN_UNINITIALIZED_AUTOS = YES_AGGRESSIVE;
				GCC_WARN_UNUSED_FUNCTION = YES;
				GCC_WARN_UNUSED_VARIABLE = YES;
				IPHONEOS_DEPLOYMENT_TARGET = 15.5;
				MTL_ENABLE_DEBUG_INFO = NO;
				MTL_FAST_MATH = YES;
				SDKROOT = iphoneos;
				SWIFT_COMPILATION_MODE = wholemodule;
				SWIFT_OPTIMIZATION_LEVEL = "-O";
				VALIDATE_PRODUCT = YES;
			};
			name = Release;
		};
		CCA17DFB287AFEAE00356641 /* Debug */ = {
			isa = XCBuildConfiguration;
			buildSettings = {
				ASSETCATALOG_COMPILER_APPICON_NAME = AppIcon;
				ASSETCATALOG_COMPILER_GLOBAL_ACCENT_COLOR_NAME = AccentColor;
				CODE_SIGN_STYLE = Automatic;
				CURRENT_PROJECT_VERSION = 1;
				DEVELOPMENT_ASSET_PATHS = "\"combineApp28/Preview Content\"";
				DEVELOPMENT_TEAM = 324MTX4FN6;
				ENABLE_PREVIEWS = YES;
				GENERATE_INFOPLIST_FILE = YES;
				INFOPLIST_KEY_UIApplicationSceneManifest_Generation = YES;
				INFOPLIST_KEY_UIApplicationSupportsIndirectInputEvents = YES;
				INFOPLIST_KEY_UILaunchScreen_Generation = YES;
				INFOPLIST_KEY_UISupportedInterfaceOrientations_iPad = "UIInterfaceOrientationPortrait UIInterfaceOrientationPortraitUpsideDown UIInterfaceOrientationLandscapeLeft UIInterfaceOrientationLandscapeRight";
				INFOPLIST_KEY_UISupportedInterfaceOrientations_iPhone = "UIInterfaceOrientationPortrait UIInterfaceOrientationLandscapeLeft UIInterfaceOrientationLandscapeRight";
				LD_RUNPATH_SEARCH_PATHS = (
					"$(inherited)",
					"@executable_path/Frameworks",
				);
				MARKETING_VERSION = 1.0;
				PRODUCT_BUNDLE_IDENTIFIER = "-1cm0128-jec.ac.jp.combineApp28";
				PRODUCT_NAME = "$(TARGET_NAME)";
				SWIFT_EMIT_LOC_STRINGS = YES;
				SWIFT_VERSION = 5.0;
				TARGETED_DEVICE_FAMILY = "1,2";
			};
			name = Debug;
		};
		CCA17DFC287AFEAE00356641 /* Release */ = {
			isa = XCBuildConfiguration;
			buildSettings = {
				ASSETCATALOG_COMPILER_APPICON_NAME = AppIcon;
				ASSETCATALOG_COMPILER_GLOBAL_ACCENT_COLOR_NAME = AccentColor;
				CODE_SIGN_STYLE = Automatic;
				CURRENT_PROJECT_VERSION = 1;
				DEVELOPMENT_ASSET_PATHS = "\"combineApp28/Preview Content\"";
				DEVELOPMENT_TEAM = 324MTX4FN6;
				ENABLE_PREVIEWS = YES;
				GENERATE_INFOPLIST_FILE = YES;
				INFOPLIST_KEY_UIApplicationSceneManifest_Generation = YES;
				INFOPLIST_KEY_UIApplicationSupportsIndirectInputEvents = YES;
				INFOPLIST_KEY_UILaunchScreen_Generation = YES;
				INFOPLIST_KEY_UISupportedInterfaceOrientations_iPad = "UIInterfaceOrientationPortrait UIInterfaceOrientationPortraitUpsideDown UIInterfaceOrientationLandscapeLeft UIInterfaceOrientationLandscapeRight";
				INFOPLIST_KEY_UISupportedInterfaceOrientations_iPhone = "UIInterfaceOrientationPortrait UIInterfaceOrientationLandscapeLeft UIInterfaceOrientationLandscapeRight";
				LD_RUNPATH_SEARCH_PATHS = (
					"$(inherited)",
					"@executable_path/Frameworks",
				);
				MARKETING_VERSION = 1.0;
				PRODUCT_BUNDLE_IDENTIFIER = "-1cm0128-jec.ac.jp.combineApp28";
				PRODUCT_NAME = "$(TARGET_NAME)";
				SWIFT_EMIT_LOC_STRINGS = YES;
				SWIFT_VERSION = 5.0;
				TARGETED_DEVICE_FAMILY = "1,2";
			};
			name = Release;
		};
/* End XCBuildConfiguration section */

/* Begin XCConfigurationList section */
		CCA17DE7287AFEAD00356641 /* Build configuration list for PBXProject "combineApp28" */ = {
			isa = XCConfigurationList;
			buildConfigurations = (
				CCA17DF8287AFEAE00356641 /* Debug */,
				CCA17DF9287AFEAE00356641 /* Release */,
			);
			defaultConfigurationIsVisible = 0;
			defaultConfigurationName = Release;
		};
		CCA17DFA287AFEAE00356641 /* Build configuration list for PBXNativeTarget "combineApp28" */ = {
			isa = XCConfigurationList;
			buildConfigurations = (
				CCA17DFB287AFEAE00356641 /* Debug */,
				CCA17DFC287AFEAE00356641 /* Release */,
			);
			defaultConfigurationIsVisible = 0;
			defaultConfigurationName = Release;
		};
/* End XCConfigurationList section */
	};
	rootObject = CCA17DE4287AFEAD00356641 /* Project object */;
}
